// !$*UTF8*$!
{
	archiveVersion = 1;
	classes = {
	};
	objectVersion = 55;
	objects = {

/* Begin PBXBuildFile section */
		903010FE290A61ED0026E714 /* OnboardingModel.swift in Sources */ = {isa = PBXBuildFile; fileRef = 903010FD290A61ED0026E714 /* OnboardingModel.swift */; };
		90301100290A9FE60026E714 /* NavigationBar.swift in Sources */ = {isa = PBXBuildFile; fileRef = 903010FF290A9FE60026E714 /* NavigationBar.swift */; };
		90301102290AA0C70026E714 /* AccountView.swift in Sources */ = {isa = PBXBuildFile; fileRef = 90301101290AA0C70026E714 /* AccountView.swift */; };
		90301105290AA1150026E714 /* AnimatableFontModifier.swift in Sources */ = {isa = PBXBuildFile; fileRef = 90301104290AA1150026E714 /* AnimatableFontModifier.swift */; };
		90301107290ADC820026E714 /* File.swift in Sources */ = {isa = PBXBuildFile; fileRef = 90301106290ADC820026E714 /* File.swift */; };
		908EB9F128E4361C00952E1E /* RottyApp.swift in Sources */ = {isa = PBXBuildFile; fileRef = 908EB9F028E4361C00952E1E /* RottyApp.swift */; };
		908EB9F528E4361E00952E1E /* Assets.xcassets in Resources */ = {isa = PBXBuildFile; fileRef = 908EB9F428E4361E00952E1E /* Assets.xcassets */; };
		908EB9F828E4361E00952E1E /* Preview Assets.xcassets in Resources */ = {isa = PBXBuildFile; fileRef = 908EB9F728E4361E00952E1E /* Preview Assets.xcassets */; };
		90A80FC128E4372800496AD2 /* LaunchView.swift in Sources */ = {isa = PBXBuildFile; fileRef = 90A80FC028E4372800496AD2 /* LaunchView.swift */; };
		90A80FC528E43A1300496AD2 /* ContentModel.swift in Sources */ = {isa = PBXBuildFile; fileRef = 90A80FC428E43A1300496AD2 /* ContentModel.swift */; };
		90A80FC928E43A4100496AD2 /* HomeView.swift in Sources */ = {isa = PBXBuildFile; fileRef = 90A80FC828E43A4100496AD2 /* HomeView.swift */; };
		90A80FCB28E43A5000496AD2 /* OnboardingView.swift in Sources */ = {isa = PBXBuildFile; fileRef = 90A80FCA28E43A5000496AD2 /* OnboardingView.swift */; };
		90A80FCD28E6128000496AD2 /* Camera.swift in Sources */ = {isa = PBXBuildFile; fileRef = 90A80FCC28E6128000496AD2 /* Camera.swift */; };
		90F975C228F208F200E45F3A /* LaunchScreen.storyboard in Resources */ = {isa = PBXBuildFile; fileRef = 90F975C128F208F200E45F3A /* LaunchScreen.storyboard */; };
/* End PBXBuildFile section */

/* Begin PBXFileReference section */
		903010FD290A61ED0026E714 /* OnboardingModel.swift */ = {isa = PBXFileReference; lastKnownFileType = sourcecode.swift; path = OnboardingModel.swift; sourceTree = "<group>"; };
		903010FF290A9FE60026E714 /* NavigationBar.swift */ = {isa = PBXFileReference; lastKnownFileType = sourcecode.swift; path = NavigationBar.swift; sourceTree = "<group>"; };
		90301101290AA0C70026E714 /* AccountView.swift */ = {isa = PBXFileReference; lastKnownFileType = sourcecode.swift; path = AccountView.swift; sourceTree = "<group>"; };
		90301104290AA1150026E714 /* AnimatableFontModifier.swift */ = {isa = PBXFileReference; lastKnownFileType = sourcecode.swift; path = AnimatableFontModifier.swift; sourceTree = "<group>"; };
		90301106290ADC820026E714 /* File.swift */ = {isa = PBXFileReference; lastKnownFileType = sourcecode.swift; path = File.swift; sourceTree = "<group>"; };
		908EB9ED28E4361C00952E1E /* Rotty.app */ = {isa = PBXFileReference; explicitFileType = wrapper.application; includeInIndex = 0; path = Rotty.app; sourceTree = BUILT_PRODUCTS_DIR; };
		908EB9F028E4361C00952E1E /* RottyApp.swift */ = {isa = PBXFileReference; lastKnownFileType = sourcecode.swift; path = RottyApp.swift; sourceTree = "<group>"; };
		908EB9F428E4361E00952E1E /* Assets.xcassets */ = {isa = PBXFileReference; lastKnownFileType = folder.assetcatalog; path = Assets.xcassets; sourceTree = "<group>"; };
		908EB9F728E4361E00952E1E /* Preview Assets.xcassets */ = {isa = PBXFileReference; lastKnownFileType = folder.assetcatalog; path = "Preview Assets.xcassets"; sourceTree = "<group>"; };
		90A80FC028E4372800496AD2 /* LaunchView.swift */ = {isa = PBXFileReference; lastKnownFileType = sourcecode.swift; path = LaunchView.swift; sourceTree = "<group>"; };
		90A80FC428E43A1300496AD2 /* ContentModel.swift */ = {isa = PBXFileReference; lastKnownFileType = sourcecode.swift; path = ContentModel.swift; sourceTree = "<group>"; };
		90A80FC828E43A4100496AD2 /* HomeView.swift */ = {isa = PBXFileReference; lastKnownFileType = sourcecode.swift; path = HomeView.swift; sourceTree = "<group>"; };
		90A80FCA28E43A5000496AD2 /* OnboardingView.swift */ = {isa = PBXFileReference; lastKnownFileType = sourcecode.swift; path = OnboardingView.swift; sourceTree = "<group>"; };
		90A80FCC28E6128000496AD2 /* Camera.swift */ = {isa = PBXFileReference; lastKnownFileType = sourcecode.swift; path = Camera.swift; sourceTree = "<group>"; };
		90F975C128F208F200E45F3A /* LaunchScreen.storyboard */ = {isa = PBXFileReference; lastKnownFileType = file.storyboard; path = LaunchScreen.storyboard; sourceTree = "<group>"; };
/* End PBXFileReference section */

/* Begin PBXFrameworksBuildPhase section */
		908EB9EA28E4361C00952E1E /* Frameworks */ = {
			isa = PBXFrameworksBuildPhase;
			buildActionMask = 2147483647;
			files = (
			);
			runOnlyForDeploymentPostprocessing = 0;
		};
/* End PBXFrameworksBuildPhase section */

/* Begin PBXGroup section */
		90301103290AA0F10026E714 /* Styles */ = {
			isa = PBXGroup;
			children = (
				90301104290AA1150026E714 /* AnimatableFontModifier.swift */,
			);
			path = Styles;
			sourceTree = "<group>";
		};
		908EB9E428E4361C00952E1E = {
			isa = PBXGroup;
			children = (
				908EB9EF28E4361C00952E1E /* Rotty */,
				908EB9EE28E4361C00952E1E /* Products */,
			);
			sourceTree = "<group>";
		};
		908EB9EE28E4361C00952E1E /* Products */ = {
			isa = PBXGroup;
			children = (
				908EB9ED28E4361C00952E1E /* Rotty.app */,
			);
			name = Products;
			sourceTree = "<group>";
		};
		908EB9EF28E4361C00952E1E /* Rotty */ = {
			isa = PBXGroup;
			children = (
				908EB9F028E4361C00952E1E /* RottyApp.swift */,
				90301103290AA0F10026E714 /* Styles */,
				90A80FC328E43A0500496AD2 /* Views */,
				90A80FC228E439FD00496AD2 /* ViewModels */,
				908EB9F428E4361E00952E1E /* Assets.xcassets */,
				908EB9F628E4361E00952E1E /* Preview Content */,
			);
			path = Rotty;
			sourceTree = "<group>";
		};
		908EB9F628E4361E00952E1E /* Preview Content */ = {
			isa = PBXGroup;
			children = (
				908EB9F728E4361E00952E1E /* Preview Assets.xcassets */,
			);
			path = "Preview Content";
			sourceTree = "<group>";
		};
		90A80FC228E439FD00496AD2 /* ViewModels */ = {
			isa = PBXGroup;
			children = (
				90A80FC428E43A1300496AD2 /* ContentModel.swift */,
				903010FD290A61ED0026E714 /* OnboardingModel.swift */,
			);
			path = ViewModels;
			sourceTree = "<group>";
		};
		90A80FC328E43A0500496AD2 /* Views */ = {
			isa = PBXGroup;
			children = (
				90F975C128F208F200E45F3A /* LaunchScreen.storyboard */,
				90A80FC028E4372800496AD2 /* LaunchView.swift */,
				90A80FC728E43A2E00496AD2 /* Onboarding */,
				90A80FC628E43A2800496AD2 /* Home */,
			);
			path = Views;
			sourceTree = "<group>";
		};
		90A80FC628E43A2800496AD2 /* Home */ = {
			isa = PBXGroup;
			children = (
				90A80FC828E43A4100496AD2 /* HomeView.swift */,
				903010FF290A9FE60026E714 /* NavigationBar.swift */,
				90301101290AA0C70026E714 /* AccountView.swift */,
				90A80FCC28E6128000496AD2 /* Camera.swift */,
				90301106290ADC820026E714 /* File.swift */,
			);
			path = Home;
			sourceTree = "<group>";
		};
		90A80FC728E43A2E00496AD2 /* Onboarding */ = {
			isa = PBXGroup;
			children = (
				90A80FCA28E43A5000496AD2 /* OnboardingView.swift */,
			);
			path = Onboarding;
			sourceTree = "<group>";
		};
/* End PBXGroup section */

/* Begin PBXNativeTarget section */
		908EB9EC28E4361C00952E1E /* Rotty */ = {
			isa = PBXNativeTarget;
			buildConfigurationList = 908EB9FB28E4361E00952E1E /* Build configuration list for PBXNativeTarget "Rotty" */;
			buildPhases = (
				908EB9E928E4361C00952E1E /* Sources */,
				908EB9EA28E4361C00952E1E /* Frameworks */,
				908EB9EB28E4361C00952E1E /* Resources */,
			);
			buildRules = (
			);
			dependencies = (
			);
			name = Rotty;
			productName = Rotty;
			productReference = 908EB9ED28E4361C00952E1E /* Rotty.app */;
			productType = "com.apple.product-type.application";
		};
/* End PBXNativeTarget section */

/* Begin PBXProject section */
		908EB9E528E4361C00952E1E /* Project object */ = {
			isa = PBXProject;
			attributes = {
				BuildIndependentTargetsInParallel = 1;
				LastSwiftUpdateCheck = 1340;
				LastUpgradeCheck = 1340;
				TargetAttributes = {
					908EB9EC28E4361C00952E1E = {
						CreatedOnToolsVersion = 13.4.1;
					};
				};
			};
			buildConfigurationList = 908EB9E828E4361C00952E1E /* Build configuration list for PBXProject "Rotty" */;
			compatibilityVersion = "Xcode 13.0";
			developmentRegion = en;
			hasScannedForEncodings = 0;
			knownRegions = (
				en,
				Base,
			);
			mainGroup = 908EB9E428E4361C00952E1E;
			productRefGroup = 908EB9EE28E4361C00952E1E /* Products */;
			projectDirPath = "";
			projectRoot = "";
			targets = (
				908EB9EC28E4361C00952E1E /* Rotty */,
			);
		};
/* End PBXProject section */

/* Begin PBXResourcesBuildPhase section */
		908EB9EB28E4361C00952E1E /* Resources */ = {
			isa = PBXResourcesBuildPhase;
			buildActionMask = 2147483647;
			files = (
				90F975C228F208F200E45F3A /* LaunchScreen.storyboard in Resources */,
				908EB9F828E4361E00952E1E /* Preview Assets.xcassets in Resources */,
				908EB9F528E4361E00952E1E /* Assets.xcassets in Resources */,
			);
			runOnlyForDeploymentPostprocessing = 0;
		};
/* End PBXResourcesBuildPhase section */

/* Begin PBXSourcesBuildPhase section */
		908EB9E928E4361C00952E1E /* Sources */ = {
			isa = PBXSourcesBuildPhase;
			buildActionMask = 2147483647;
			files = (
				908EB9F128E4361C00952E1E /* RottyApp.swift in Sources */,
				90A80FC928E43A4100496AD2 /* HomeView.swift in Sources */,
				90A80FCD28E6128000496AD2 /* Camera.swift in Sources */,
				90301105290AA1150026E714 /* AnimatableFontModifier.swift in Sources */,
				90301100290A9FE60026E714 /* NavigationBar.swift in Sources */,
				90A80FC128E4372800496AD2 /* LaunchView.swift in Sources */,
				903010FE290A61ED0026E714 /* OnboardingModel.swift in Sources */,
				90301102290AA0C70026E714 /* AccountView.swift in Sources */,
				90A80FCB28E43A5000496AD2 /* OnboardingView.swift in Sources */,
				90301107290ADC820026E714 /* File.swift in Sources */,
				90A80FC528E43A1300496AD2 /* ContentModel.swift in Sources */,
			);
			runOnlyForDeploymentPostprocessing = 0;
		};
/* End PBXSourcesBuildPhase section */

/* Begin XCBuildConfiguration section */
		908EB9F928E4361E00952E1E /* Debug */ = {
			isa = XCBuildConfiguration;
			buildSettings = {
				ALWAYS_SEARCH_USER_PATHS = NO;
				CLANG_ANALYZER_NONNULL = YES;
				CLANG_ANALYZER_NUMBER_OBJECT_CONVERSION = YES_AGGRESSIVE;
				CLANG_CXX_LANGUAGE_STANDARD = "gnu++17";
				CLANG_ENABLE_MODULES = YES;
				CLANG_ENABLE_OBJC_ARC = YES;
				CLANG_ENABLE_OBJC_WEAK = YES;
				CLANG_WARN_BLOCK_CAPTURE_AUTORELEASING = YES;
				CLANG_WARN_BOOL_CONVERSION = YES;
				CLANG_WARN_COMMA = YES;
				CLANG_WARN_CONSTANT_CONVERSION = YES;
				CLANG_WARN_DEPRECATED_OBJC_IMPLEMENTATIONS = YES;
				CLANG_WARN_DIRECT_OBJC_ISA_USAGE = YES_ERROR;
				CLANG_WARN_DOCUMENTATION_COMMENTS = YES;
				CLANG_WARN_EMPTY_BODY = YES;
				CLANG_WARN_ENUM_CONVERSION = YES;
				CLANG_WARN_INFINITE_RECURSION = YES;
				CLANG_WARN_INT_CONVERSION = YES;
				CLANG_WARN_NON_LITERAL_NULL_CONVERSION = YES;
				CLANG_WARN_OBJC_IMPLICIT_RETAIN_SELF = YES;
				CLANG_WARN_OBJC_LITERAL_CONVERSION = YES;
				CLANG_WARN_OBJC_ROOT_CLASS = YES_ERROR;
				CLANG_WARN_QUOTED_INCLUDE_IN_FRAMEWORK_HEADER = YES;
				CLANG_WARN_RANGE_LOOP_ANALYSIS = YES;
				CLANG_WARN_STRICT_PROTOTYPES = YES;
				CLANG_WARN_SUSPICIOUS_MOVE = YES;
				CLANG_WARN_UNGUARDED_AVAILABILITY = YES_AGGRESSIVE;
				CLANG_WARN_UNREACHABLE_CODE = YES;
				CLANG_WARN__DUPLICATE_METHOD_MATCH = YES;
				COPY_PHASE_STRIP = NO;
				DEBUG_INFORMATION_FORMAT = dwarf;
				ENABLE_STRICT_OBJC_MSGSEND = YES;
				ENABLE_TESTABILITY = YES;
				GCC_C_LANGUAGE_STANDARD = gnu11;
				GCC_DYNAMIC_NO_PIC = NO;
				GCC_NO_COMMON_BLOCKS = YES;
				GCC_OPTIMIZATION_LEVEL = 0;
				GCC_PREPROCESSOR_DEFINITIONS = (
					"DEBUG=1",
					"$(inherited)",
				);
				GCC_WARN_64_TO_32_BIT_CONVERSION = YES;
				GCC_WARN_ABOUT_RETURN_TYPE = YES_ERROR;
				GCC_WARN_UNDECLARED_SELECTOR = YES;
				GCC_WARN_UNINITIALIZED_AUTOS = YES_AGGRESSIVE;
				GCC_WARN_UNUSED_FUNCTION = YES;
				GCC_WARN_UNUSED_VARIABLE = YES;
				IPHONEOS_DEPLOYMENT_TARGET = 15.5;
				MTL_ENABLE_DEBUG_INFO = INCLUDE_SOURCE;
				MTL_FAST_MATH = YES;
				ONLY_ACTIVE_ARCH = YES;
				SDKROOT = iphoneos;
				SWIFT_ACTIVE_COMPILATION_CONDITIONS = DEBUG;
				SWIFT_OPTIMIZATION_LEVEL = "-Onone";
			};
			name = Debug;
		};
		908EB9FA28E4361E00952E1E /* Release */ = {
			isa = XCBuildConfiguration;
			buildSettings = {
				ALWAYS_SEARCH_USER_PATHS = NO;
				CLANG_ANALYZER_NONNULL = YES;
				CLANG_ANALYZER_NUMBER_OBJECT_CONVERSION = YES_AGGRESSIVE;
				CLANG_CXX_LANGUAGE_STANDARD = "gnu++17";
				CLANG_ENABLE_MODULES = YES;
				CLANG_ENABLE_OBJC_ARC = YES;
				CLANG_ENABLE_OBJC_WEAK = YES;
				CLANG_WARN_BLOCK_CAPTURE_AUTORELEASING = YES;
				CLANG_WARN_BOOL_CONVERSION = YES;
				CLANG_WARN_COMMA = YES;
				CLANG_WARN_CONSTANT_CONVERSION = YES;
				CLANG_WARN_DEPRECATED_OBJC_IMPLEMENTATIONS = YES;
				CLANG_WARN_DIRECT_OBJC_ISA_USAGE = YES_ERROR;
				CLANG_WARN_DOCUMENTATION_COMMENTS = YES;
				CLANG_WARN_EMPTY_BODY = YES;
				CLANG_WARN_ENUM_CONVERSION = YES;
				CLANG_WARN_INFINITE_RECURSION = YES;
				CLANG_WARN_INT_CONVERSION = YES;
				CLANG_WARN_NON_LITERAL_NULL_CONVERSION = YES;
				CLANG_WARN_OBJC_IMPLICIT_RETAIN_SELF = YES;
				CLANG_WARN_OBJC_LITERAL_CONVERSION = YES;
				CLANG_WARN_OBJC_ROOT_CLASS = YES_ERROR;
				CLANG_WARN_QUOTED_INCLUDE_IN_FRAMEWORK_HEADER = YES;
				CLANG_WARN_RANGE_LOOP_ANALYSIS = YES;
				CLANG_WARN_STRICT_PROTOTYPES = YES;
				CLANG_WARN_SUSPICIOUS_MOVE = YES;
				CLANG_WARN_UNGUARDED_AVAILABILITY = YES_AGGRESSIVE;
				CLANG_WARN_UNREACHABLE_CODE = YES;
				CLANG_WARN__DUPLICATE_METHOD_MATCH = YES;
				COPY_PHASE_STRIP = NO;
				DEBUG_INFORMATION_FORMAT = "dwarf-with-dsym";
				ENABLE_NS_ASSERTIONS = NO;
				ENABLE_STRICT_OBJC_MSGSEND = YES;
				GCC_C_LANGUAGE_STANDARD = gnu11;
				GCC_NO_COMMON_BLOCKS = YES;
				GCC_WARN_64_TO_32_BIT_CONVERSION = YES;
				GCC_WARN_ABOUT_RETURN_TYPE = YES_ERROR;
				GCC_WARN_UNDECLARED_SELECTOR = YES;
				GCC_WARN_UNINITIALIZED_AUTOS = YES_AGGRESSIVE;
				GCC_WARN_UNUSED_FUNCTION = YES;
				GCC_WARN_UNUSED_VARIABLE = YES;
				IPHONEOS_DEPLOYMENT_TARGET = 15.5;
				MTL_ENABLE_DEBUG_INFO = NO;
				MTL_FAST_MATH = YES;
				SDKROOT = iphoneos;
				SWIFT_COMPILATION_MODE = wholemodule;
				SWIFT_OPTIMIZATION_LEVEL = "-O";
				VALIDATE_PRODUCT = YES;
			};
			name = Release;
		};
		908EB9FC28E4361E00952E1E /* Debug */ = {
			isa = XCBuildConfiguration;
			buildSettings = {
				ASSETCATALOG_COMPILER_APPICON_NAME = AppIcon;
				ASSETCATALOG_COMPILER_GLOBAL_ACCENT_COLOR_NAME = AccentColor;
				CODE_SIGN_STYLE = Automatic;
				CURRENT_PROJECT_VERSION = 1;
				DEVELOPMENT_ASSET_PATHS = "\"Rotty/Preview Content\"";
				DEVELOPMENT_TEAM = H4NW3RCM58;
				ENABLE_PREVIEWS = YES;
				GENERATE_INFOPLIST_FILE = YES;
				INFOPLIST_KEY_UIApplicationSceneManifest_Generation = YES;
				INFOPLIST_KEY_UIApplicationSupportsIndirectInputEvents = YES;
				INFOPLIST_KEY_UILaunchScreen_Generation = YES;
				INFOPLIST_KEY_UILaunchStoryboardName = LaunchScreen.storyboard;
				INFOPLIST_KEY_UISupportedInterfaceOrientations = UIInterfaceOrientationPortrait;
				INFOPLIST_KEY_UISupportedInterfaceOrientations_iPad = UIInterfaceOrientationPortrait;
				INFOPLIST_KEY_UISupportedInterfaceOrientations_iPhone = UIInterfaceOrientationPortrait;
				IPHONEOS_DEPLOYMENT_TARGET = 16.0;
				LD_RUNPATH_SEARCH_PATHS = (
					"$(inherited)",
					"@executable_path/Frameworks",
				);
				MARKETING_VERSION = 1.0;
				PRODUCT_BUNDLE_IDENTIFIER = io.Rotty;
				PRODUCT_NAME = "$(TARGET_NAME)";
				SUPPORTED_PLATFORMS = "iphoneos iphonesimulator";
				SUPPORTS_MACCATALYST = NO;
				SUPPORTS_MAC_DESIGNED_FOR_IPHONE_IPAD = NO;
				SWIFT_EMIT_LOC_STRINGS = YES;
				SWIFT_VERSION = 5.0;
				TARGETED_DEVICE_FAMILY = 1;
			};
			name = Debug;
		};
		908EB9FD28E4361E00952E1E /* Release */ = {
			isa = XCBuildConfiguration;
			buildSettings = {
				ASSETCATALOG_COMPILER_APPICON_NAME = AppIcon;
				ASSETCATALOG_COMPILER_GLOBAL_ACCENT_COLOR_NAME = AccentColor;
				CODE_SIGN_STYLE = Automatic;
				CURRENT_PROJECT_VERSION = 1;
				DEVELOPMENT_ASSET_PATHS = "\"Rotty/Preview Content\"";
				DEVELOPMENT_TEAM = H4NW3RCM58;
				ENABLE_PREVIEWS = YES;
				GENERATE_INFOPLIST_FILE = YES;
				INFOPLIST_KEY_UIApplicationSceneManifest_Generation = YES;
				INFOPLIST_KEY_UIApplicationSupportsIndirectInputEvents = YES;
				INFOPLIST_KEY_UILaunchScreen_Generation = YES;
				INFOPLIST_KEY_UILaunchStoryboardName = LaunchScreen.storyboard;
				INFOPLIST_KEY_UISupportedInterfaceOrientations = UIInterfaceOrientationPortrait;
				INFOPLIST_KEY_UISupportedInterfaceOrientations_iPad = UIInterfaceOrientationPortrait;
				INFOPLIST_KEY_UISupportedInterfaceOrientations_iPhone = UIInterfaceOrientationPortrait;
				IPHONEOS_DEPLOYMENT_TARGET = 16.0;
				LD_RUNPATH_SEARCH_PATHS = (
					"$(inherited)",
					"@executable_path/Frameworks",
				);
				MARKETING_VERSION = 1.0;
				PRODUCT_BUNDLE_IDENTIFIER = io.Rotty;
				PRODUCT_NAME = "$(TARGET_NAME)";
				SUPPORTED_PLATFORMS = "iphoneos iphonesimulator";
				SUPPORTS_MACCATALYST = NO;
				SUPPORTS_MAC_DESIGNED_FOR_IPHONE_IPAD = NO;
				SWIFT_EMIT_LOC_STRINGS = YES;
				SWIFT_VERSION = 5.0;
				TARGETED_DEVICE_FAMILY = 1;
			};
			name = Release;
		};
/* End XCBuildConfiguration section */

/* Begin XCConfigurationList section */
		908EB9E828E4361C00952E1E /* Build configuration list for PBXProject "Rotty" */ = {
			isa = XCConfigurationList;
			buildConfigurations = (
				908EB9F928E4361E00952E1E /* Debug */,
				908EB9FA28E4361E00952E1E /* Release */,
			);
			defaultConfigurationIsVisible = 0;
			defaultConfigurationName = Release;
		};
		908EB9FB28E4361E00952E1E /* Build configuration list for PBXNativeTarget "Rotty" */ = {
			isa = XCConfigurationList;
			buildConfigurations = (
				908EB9FC28E4361E00952E1E /* Debug */,
				908EB9FD28E4361E00952E1E /* Release */,
			);
			defaultConfigurationIsVisible = 0;
			defaultConfigurationName = Release;
		};
/* End XCConfigurationList section */
	};
	rootObject = 908EB9E528E4361C00952E1E /* Project object */;
}
